# THIS IS AN AUTOGENERATED FILE. DO NOT EDIT THIS FILE DIRECTLY.
# yarn lockfile v1


"@types/lodash@^4.14.149":
  version "4.14.157"
  resolved "https://registry.yarnpkg.com/@types/lodash/-/lodash-4.14.157.tgz#fdac1c52448861dfde1a2e1515dbc46e54926dc8"

"@types/mathjs@^6.0.2":
  version "6.0.5"
  resolved "https://registry.yarnpkg.com/@types/mathjs/-/mathjs-6.0.5.tgz#c3ddcb6e283461e12a93943a5aca0588d1071c18"
  dependencies:
    decimal.js "^10.0.0"

"@types/uuid@^3.4.6":
  version "3.4.9"
  resolved "https://registry.yarnpkg.com/@types/uuid/-/uuid-3.4.9.tgz#fcf01997bbc9f7c09ae5f91383af076d466594e1"

decimal.js@^10.0.0:
  version "10.2.0"
  resolved "https://registry.yarnpkg.com/decimal.js/-/decimal.js-10.2.0.tgz#39466113a9e036111d02f82489b5fd6b0b5ed231"

lodash@^4.17.15, lodash@^4.17.19:
  version "4.17.19"
  resolved "https://registry.yarnpkg.com/lodash/-/lodash-4.17.19.tgz#e48ddedbe30b3321783c5b4301fbd353bc1e4a4b"

reconnecting-websocket@^4.4.0:
  version "4.4.0"
  resolved "https://registry.yarnpkg.com/reconnecting-websocket/-/reconnecting-websocket-4.4.0.tgz#3b0e5b96ef119e78a03135865b8bb0af1b948783"

resynkd@^0.9.7:
  version "0.9.7"
  resolved "https://registry.yarnpkg.com/resynkd/-/resynkd-0.9.7.tgz#f8a5c2b7d0fd9d10c0ed56bb177abf80c6ed86ba"
  dependencies:
    "@types/lodash" "^4.14.149"
    "@types/mathjs" "^6.0.2"
    "@types/uuid" "^3.4.6"
    lodash "^4.17.15"
    rxjs "^6.5.4"
    uuid "^3.4.0"

rxjs@^6.5.4:
  version "6.6.0"
  resolved "https://registry.yarnpkg.com/rxjs/-/rxjs-6.6.0.tgz#af2901eedf02e3a83ffa7f886240ff9018bbec84"
  dependencies:
    tslib "^1.9.0"

tslib@^1.9.0:
  version "1.13.0"
  resolved "https://registry.yarnpkg.com/tslib/-/tslib-1.13.0.tgz#c881e13cc7015894ed914862d276436fa9a47043"

uuid@^3.4.0:
  version "3.4.0"
  resolved "https://registry.yarnpkg.com/uuid/-/uuid-3.4.0.tgz#b23e4358afa8a202fe7a100af1f5f883f02007ee"

ws@^7.3.1:
  version "7.3.1"
  resolved "https://registry.yarnpkg.com/ws/-/ws-7.3.1.tgz#d0547bf67f7ce4f12a72dfe31262c68d7dc551c8"
